{
  "version": "5",
  "specifiers": {
    "npm:xstate@5": "5.33.2"
  },
  "npm": {
    "xstate@5.33.2": {
      "integrity": "sha512-8tC7yXgeCvpT8gKEeEje6ikJJG1wpnoLiXe+HfECW8m10ubMd3QxKOwWA8KxPJVBcLwfdRoMKYxIBGYKmo37/A=="
    }
  },
  "workspace": {
    "dependencies": [
      "npm:xstate@5"
    ]
  }
}
